// !$*UTF8*$!
{
	archiveVersion = 1;
	classes = {
	};
	objectVersion = 56;
	objects = {

/* Begin PBXBuildFile section */
		B8C8218349BC96FB04ED0AAA /* Pods_RxSwiftPratice.framework in Frameworks */ = {isa = PBXBuildFile; fileRef = C9F71570CEA14DA76D7A9B13 /* Pods_RxSwiftPratice.framework */; };
		E0AFEAF62923892800520B15 /* AppDelegate.swift in Sources */ = {isa = PBXBuildFile; fileRef = E0AFEAF52923892800520B15 /* AppDelegate.swift */; };
		E0AFEAF82923892800520B15 /* SceneDelegate.swift in Sources */ = {isa = PBXBuildFile; fileRef = E0AFEAF72923892800520B15 /* SceneDelegate.swift */; };
		E0AFEAFA2923892800520B15 /* ViewController.swift in Sources */ = {isa = PBXBuildFile; fileRef = E0AFEAF92923892800520B15 /* ViewController.swift */; };
		E0AFEAFD2923892800520B15 /* Main.storyboard in Resources */ = {isa = PBXBuildFile; fileRef = E0AFEAFB2923892800520B15 /* Main.storyboard */; };
		E0AFEAFF2923892800520B15 /* Assets.xcassets in Resources */ = {isa = PBXBuildFile; fileRef = E0AFEAFE2923892800520B15 /* Assets.xcassets */; };
		E0AFEB022923892800520B15 /* LaunchScreen.storyboard in Resources */ = {isa = PBXBuildFile; fileRef = E0AFEB002923892800520B15 /* LaunchScreen.storyboard */; };
/* End PBXBuildFile section */

/* Begin PBXFileReference section */
		53B5C8B2DEB9AC9E35875FBB /* Pods-RxSwiftPratice.release.xcconfig */ = {isa = PBXFileReference; includeInIndex = 1; lastKnownFileType = text.xcconfig; name = "Pods-RxSwiftPratice.release.xcconfig"; path = "Target Support Files/Pods-RxSwiftPratice/Pods-RxSwiftPratice.release.xcconfig"; sourceTree = "<group>"; };
		C9F71570CEA14DA76D7A9B13 /* Pods_RxSwiftPratice.framework */ = {isa = PBXFileReference; explicitFileType = wrapper.framework; includeInIndex = 0; path = Pods_RxSwiftPratice.framework; sourceTree = BUILT_PRODUCTS_DIR; };
		E07F8846292389A300D5B75A /* Observable.playground */ = {isa = PBXFileReference; lastKnownFileType = file.playground; path = Observable.playground; sourceTree = "<group>"; xcLanguageSpecificationIdentifier = xcode.lang.swift; };
		E07F8847292393D800D5B75A /* Traits.playground */ = {isa = PBXFileReference; lastKnownFileType = file.playground; path = Traits.playground; sourceTree = "<group>"; xcLanguageSpecificationIdentifier = xcode.lang.swift; };
		E07F88482923CF4600D5B75A /* Subjects.playground */ = {isa = PBXFileReference; lastKnownFileType = file.playground; path = Subjects.playground; sourceTree = "<group>"; xcLanguageSpecificationIdentifier = xcode.lang.swift; };
		E07F88492923D58B00D5B75A /* FilteringOperator.playground */ = {isa = PBXFileReference; lastKnownFileType = file.playground; path = FilteringOperator.playground; sourceTree = "<group>"; xcLanguageSpecificationIdentifier = xcode.lang.swift; };
		E07F884A2923DEA800D5B75A /* TransformingOperators.playground */ = {isa = PBXFileReference; lastKnownFileType = file.playground; path = TransformingOperators.playground; sourceTree = "<group>"; xcLanguageSpecificationIdentifier = xcode.lang.swift; };
		E0AFEAF22923892800520B15 /* RxSwiftPratice.app */ = {isa = PBXFileReference; explicitFileType = wrapper.application; includeInIndex = 0; path = RxSwiftPratice.app; sourceTree = BUILT_PRODUCTS_DIR; };
		E0AFEAF52923892800520B15 /* AppDelegate.swift */ = {isa = PBXFileReference; lastKnownFileType = sourcecode.swift; path = AppDelegate.swift; sourceTree = "<group>"; };
		E0AFEAF72923892800520B15 /* SceneDelegate.swift */ = {isa = PBXFileReference; lastKnownFileType = sourcecode.swift; path = SceneDelegate.swift; sourceTree = "<group>"; };
		E0AFEAF92923892800520B15 /* ViewController.swift */ = {isa = PBXFileReference; lastKnownFileType = sourcecode.swift; path = ViewController.swift; sourceTree = "<group>"; };
		E0AFEAFC2923892800520B15 /* Base */ = {isa = PBXFileReference; lastKnownFileType = file.storyboard; name = Base; path = Base.lproj/Main.storyboard; sourceTree = "<group>"; };
		E0AFEAFE2923892800520B15 /* Assets.xcassets */ = {isa = PBXFileReference; lastKnownFileType = folder.assetcatalog; path = Assets.xcassets; sourceTree = "<group>"; };
		E0AFEB012923892800520B15 /* Base */ = {isa = PBXFileReference; lastKnownFileType = file.storyboard; name = Base; path = Base.lproj/LaunchScreen.storyboard; sourceTree = "<group>"; };
		E0AFEB032923892900520B15 /* Info.plist */ = {isa = PBXFileReference; lastKnownFileType = text.plist.xml; path = Info.plist; sourceTree = "<group>"; };
		FB278C146F4F7482DC2484A2 /* Pods-RxSwiftPratice.debug.xcconfig */ = {isa = PBXFileReference; includeInIndex = 1; lastKnownFileType = text.xcconfig; name = "Pods-RxSwiftPratice.debug.xcconfig"; path = "Target Support Files/Pods-RxSwiftPratice/Pods-RxSwiftPratice.debug.xcconfig"; sourceTree = "<group>"; };
/* End PBXFileReference section */

/* Begin PBXFrameworksBuildPhase section */
		E0AFEAEF2923892800520B15 /* Frameworks */ = {
			isa = PBXFrameworksBuildPhase;
			buildActionMask = 2147483647;
			files = (
				B8C8218349BC96FB04ED0AAA /* Pods_RxSwiftPratice.framework in Frameworks */,
			);
			runOnlyForDeploymentPostprocessing = 0;
		};
/* End PBXFrameworksBuildPhase section */

/* Begin PBXGroup section */
		2141C3858DC6409E7AC7D891 /* Frameworks */ = {
			isa = PBXGroup;
			children = (
				C9F71570CEA14DA76D7A9B13 /* Pods_RxSwiftPratice.framework */,
			);
			name = Frameworks;
			sourceTree = "<group>";
		};
		9D1193E9DFA978D09AFFC3FA /* Pods */ = {
			isa = PBXGroup;
			children = (
				FB278C146F4F7482DC2484A2 /* Pods-RxSwiftPratice.debug.xcconfig */,
				53B5C8B2DEB9AC9E35875FBB /* Pods-RxSwiftPratice.release.xcconfig */,
			);
			path = Pods;
			sourceTree = "<group>";
		};
		E0AFEAE92923892800520B15 = {
			isa = PBXGroup;
			children = (
				E07F8846292389A300D5B75A /* Observable.playground */,
				E07F8847292393D800D5B75A /* Traits.playground */,
				E07F88482923CF4600D5B75A /* Subjects.playground */,
				E07F88492923D58B00D5B75A /* FilteringOperator.playground */,
				E07F884A2923DEA800D5B75A /* TransformingOperators.playground */,
				E0AFEAF42923892800520B15 /* RxSwiftPratice */,
				E0AFEAF32923892800520B15 /* Products */,
				9D1193E9DFA978D09AFFC3FA /* Pods */,
				2141C3858DC6409E7AC7D891 /* Frameworks */,
			);
			sourceTree = "<group>";
		};
		E0AFEAF32923892800520B15 /* Products */ = {
			isa = PBXGroup;
			children = (
				E0AFEAF22923892800520B15 /* RxSwiftPratice.app */,
			);
			name = Products;
			sourceTree = "<group>";
		};
		E0AFEAF42923892800520B15 /* RxSwiftPratice */ = {
			isa = PBXGroup;
			children = (
				E0AFEAF52923892800520B15 /* AppDelegate.swift */,
				E0AFEAF72923892800520B15 /* SceneDelegate.swift */,
				E0AFEAF92923892800520B15 /* ViewController.swift */,
				E0AFEAFB2923892800520B15 /* Main.storyboard */,
				E0AFEAFE2923892800520B15 /* Assets.xcassets */,
				E0AFEB002923892800520B15 /* LaunchScreen.storyboard */,
				E0AFEB032923892900520B15 /* Info.plist */,
			);
			path = RxSwiftPratice;
			sourceTree = "<group>";
		};
/* End PBXGroup section */

/* Begin PBXNativeTarget section */
		E0AFEAF12923892800520B15 /* RxSwiftPratice */ = {
			isa = PBXNativeTarget;
			buildConfigurationList = E0AFEB062923892900520B15 /* Build configuration list for PBXNativeTarget "RxSwiftPratice" */;
			buildPhases = (
				664787AD908EA982B70DF498 /* [CP] Check Pods Manifest.lock */,
				E0AFEAEE2923892800520B15 /* Sources */,
				E0AFEAEF2923892800520B15 /* Frameworks */,
				E0AFEAF02923892800520B15 /* Resources */,
				FDF6B9BD7BC9E9CB944301B8 /* [CP] Embed Pods Frameworks */,
			);
			buildRules = (
			);
			dependencies = (
			);
			name = RxSwiftPratice;
			productName = RxSwiftPratice;
			productReference = E0AFEAF22923892800520B15 /* RxSwiftPratice.app */;
			productType = "com.apple.product-type.application";
		};
/* End PBXNativeTarget section */

/* Begin PBXProject section */
		E0AFEAEA2923892800520B15 /* Project object */ = {
			isa = PBXProject;
			attributes = {
				BuildIndependentTargetsInParallel = 1;
				LastSwiftUpdateCheck = 1410;
				LastUpgradeCheck = 1410;
				TargetAttributes = {
					E0AFEAF12923892800520B15 = {
						CreatedOnToolsVersion = 14.1;
					};
				};
			};
			buildConfigurationList = E0AFEAED2923892800520B15 /* Build configuration list for PBXProject "RxSwiftPratice" */;
			compatibilityVersion = "Xcode 14.0";
			developmentRegion = en;
			hasScannedForEncodings = 0;
			knownRegions = (
				en,
				Base,
			);
			mainGroup = E0AFEAE92923892800520B15;
			productRefGroup = E0AFEAF32923892800520B15 /* Products */;
			projectDirPath = "";
			projectRoot = "";
			targets = (
				E0AFEAF12923892800520B15 /* RxSwiftPratice */,
			);
		};
/* End PBXProject section */

/* Begin PBXResourcesBuildPhase section */
		E0AFEAF02923892800520B15 /* Resources */ = {
			isa = PBXResourcesBuildPhase;
			buildActionMask = 2147483647;
			files = (
				E0AFEB022923892800520B15 /* LaunchScreen.storyboard in Resources */,
				E0AFEAFF2923892800520B15 /* Assets.xcassets in Resources */,
				E0AFEAFD2923892800520B15 /* Main.storyboard in Resources */,
			);
			runOnlyForDeploymentPostprocessing = 0;
		};
/* End PBXResourcesBuildPhase section */

/* Begin PBXShellScriptBuildPhase section */
		664787AD908EA982B70DF498 /* [CP] Check Pods Manifest.lock */ = {
			isa = PBXShellScriptBuildPhase;
			buildActionMask = 2147483647;
			files = (
			);
			inputFileListPaths = (
			);
			inputPaths = (
				"${PODS_PODFILE_DIR_PATH}/Podfile.lock",
				"${PODS_ROOT}/Manifest.lock",
			);
			name = "[CP] Check Pods Manifest.lock";
			outputFileListPaths = (
			);
			outputPaths = (
				"$(DERIVED_FILE_DIR)/Pods-RxSwiftPratice-checkManifestLockResult.txt",
			);
			runOnlyForDeploymentPostprocessing = 0;
			shellPath = /bin/sh;
			shellScript = "diff \"${PODS_PODFILE_DIR_PATH}/Podfile.lock\" \"${PODS_ROOT}/Manifest.lock\" > /dev/null\nif [ $? != 0 ] ; then\n    # print error to STDERR\n    echo \"error: The sandbox is not in sync with the Podfile.lock. Run 'pod install' or update your CocoaPods installation.\" >&2\n    exit 1\nfi\n# This output is used by Xcode 'outputs' to avoid re-running this script phase.\necho \"SUCCESS\" > \"${SCRIPT_OUTPUT_FILE_0}\"\n";
			showEnvVarsInLog = 0;
		};
		FDF6B9BD7BC9E9CB944301B8 /* [CP] Embed Pods Frameworks */ = {
			isa = PBXShellScriptBuildPhase;
			buildActionMask = 2147483647;
			files = (
			);
			inputFileListPaths = (
				"${PODS_ROOT}/Target Support Files/Pods-RxSwiftPratice/Pods-RxSwiftPratice-frameworks-${CONFIGURATION}-input-files.xcfilelist",
			);
			name = "[CP] Embed Pods Frameworks";
			outputFileListPaths = (
				"${PODS_ROOT}/Target Support Files/Pods-RxSwiftPratice/Pods-RxSwiftPratice-frameworks-${CONFIGURATION}-output-files.xcfilelist",
			);
			runOnlyForDeploymentPostprocessing = 0;
			shellPath = /bin/sh;
			shellScript = "\"${PODS_ROOT}/Target Support Files/Pods-RxSwiftPratice/Pods-RxSwiftPratice-frameworks.sh\"\n";
			showEnvVarsInLog = 0;
		};
/* End PBXShellScriptBuildPhase section */

/* Begin PBXSourcesBuildPhase section */
		E0AFEAEE2923892800520B15 /* Sources */ = {
			isa = PBXSourcesBuildPhase;
			buildActionMask = 2147483647;
			files = (
				E0AFEAFA2923892800520B15 /* ViewController.swift in Sources */,
				E0AFEAF62923892800520B15 /* AppDelegate.swift in Sources */,
				E0AFEAF82923892800520B15 /* SceneDelegate.swift in Sources */,
			);
			runOnlyForDeploymentPostprocessing = 0;
		};
/* End PBXSourcesBuildPhase section */

/* Begin PBXVariantGroup section */
		E0AFEAFB2923892800520B15 /* Main.storyboard */ = {
			isa = PBXVariantGroup;
			children = (
				E0AFEAFC2923892800520B15 /* Base */,
			);
			name = Main.storyboard;
			sourceTree = "<group>";
		};
		E0AFEB002923892800520B15 /* LaunchScreen.storyboard */ = {
			isa = PBXVariantGroup;
			children = (
				E0AFEB012923892800520B15 /* Base */,
			);
			name = LaunchScreen.storyboard;
			sourceTree = "<group>";
		};
/* End PBXVariantGroup section */

/* Begin XCBuildConfiguration section */
		E0AFEB042923892900520B15 /* Debug */ = {
			isa = XCBuildConfiguration;
			buildSettings = {
				ALWAYS_SEARCH_USER_PATHS = NO;
				CLANG_ANALYZER_NONNULL = YES;
				CLANG_ANALYZER_NUMBER_OBJECT_CONVERSION = YES_AGGRESSIVE;
				CLANG_CXX_LANGUAGE_STANDARD = "gnu++20";
				CLANG_ENABLE_MODULES = YES;
				CLANG_ENABLE_OBJC_ARC = YES;
				CLANG_ENABLE_OBJC_WEAK = YES;
				CLANG_WARN_BLOCK_CAPTURE_AUTORELEASING = YES;
				CLANG_WARN_BOOL_CONVERSION = YES;
				CLANG_WARN_COMMA = YES;
				CLANG_WARN_CONSTANT_CONVERSION = YES;
				CLANG_WARN_DEPRECATED_OBJC_IMPLEMENTATIONS = YES;
				CLANG_WARN_DIRECT_OBJC_ISA_USAGE = YES_ERROR;
				CLANG_WARN_DOCUMENTATION_COMMENTS = YES;
				CLANG_WARN_EMPTY_BODY = YES;
				CLANG_WARN_ENUM_CONVERSION = YES;
				CLANG_WARN_INFINITE_RECURSION = YES;
				CLANG_WARN_INT_CONVERSION = YES;
				CLANG_WARN_NON_LITERAL_NULL_CONVERSION = YES;
				CLANG_WARN_OBJC_IMPLICIT_RETAIN_SELF = YES;
				CLANG_WARN_OBJC_LITERAL_CONVERSION = YES;
				CLANG_WARN_OBJC_ROOT_CLASS = YES_ERROR;
				CLANG_WARN_QUOTED_INCLUDE_IN_FRAMEWORK_HEADER = YES;
				CLANG_WARN_RANGE_LOOP_ANALYSIS = YES;
				CLANG_WARN_STRICT_PROTOTYPES = YES;
				CLANG_WARN_SUSPICIOUS_MOVE = YES;
				CLANG_WARN_UNGUARDED_AVAILABILITY = YES_AGGRESSIVE;
				CLANG_WARN_UNREACHABLE_CODE = YES;
				CLANG_WARN__DUPLICATE_METHOD_MATCH = YES;
				COPY_PHASE_STRIP = NO;
				DEBUG_INFORMATION_FORMAT = dwarf;
				ENABLE_STRICT_OBJC_MSGSEND = YES;
				ENABLE_TESTABILITY = YES;
				GCC_C_LANGUAGE_STANDARD = gnu11;
				GCC_DYNAMIC_NO_PIC = NO;
				GCC_NO_COMMON_BLOCKS = YES;
				GCC_OPTIMIZATION_LEVEL = 0;
				GCC_PREPROCESSOR_DEFINITIONS = (
					"DEBUG=1",
					"$(inherited)",
				);
				GCC_WARN_64_TO_32_BIT_CONVERSION = YES;
				GCC_WARN_ABOUT_RETURN_TYPE = YES_ERROR;
				GCC_WARN_UNDECLARED_SELECTOR = YES;
				GCC_WARN_UNINITIALIZED_AUTOS = YES_AGGRESSIVE;
				GCC_WARN_UNUSED_FUNCTION = YES;
				GCC_WARN_UNUSED_VARIABLE = YES;
				IPHONEOS_DEPLOYMENT_TARGET = 16.1;
				MTL_ENABLE_DEBUG_INFO = INCLUDE_SOURCE;
				MTL_FAST_MATH = YES;
				ONLY_ACTIVE_ARCH = YES;
				SDKROOT = iphoneos;
				SWIFT_ACTIVE_COMPILATION_CONDITIONS = DEBUG;
				SWIFT_OPTIMIZATION_LEVEL = "-Onone";
			};
			name = Debug;
		};
		E0AFEB052923892900520B15 /* Release */ = {
			isa = XCBuildConfiguration;
			buildSettings = {
				ALWAYS_SEARCH_USER_PATHS = NO;
				CLANG_ANALYZER_NONNULL = YES;
				CLANG_ANALYZER_NUMBER_OBJECT_CONVERSION = YES_AGGRESSIVE;
				CLANG_CXX_LANGUAGE_STANDARD = "gnu++20";
				CLANG_ENABLE_MODULES = YES;
				CLANG_ENABLE_OBJC_ARC = YES;
				CLANG_ENABLE_OBJC_WEAK = YES;
				CLANG_WARN_BLOCK_CAPTURE_AUTORELEASING = YES;
				CLANG_WARN_BOOL_CONVERSION = YES;
				CLANG_WARN_COMMA = YES;
				CLANG_WARN_CONSTANT_CONVERSION = YES;
				CLANG_WARN_DEPRECATED_OBJC_IMPLEMENTATIONS = YES;
				CLANG_WARN_DIRECT_OBJC_ISA_USAGE = YES_ERROR;
				CLANG_WARN_DOCUMENTATION_COMMENTS = YES;
				CLANG_WARN_EMPTY_BODY = YES;
				CLANG_WARN_ENUM_CONVERSION = YES;
				CLANG_WARN_INFINITE_RECURSION = YES;
				CLANG_WARN_INT_CONVERSION = YES;
				CLANG_WARN_NON_LITERAL_NULL_CONVERSION = YES;
				CLANG_WARN_OBJC_IMPLICIT_RETAIN_SELF = YES;
				CLANG_WARN_OBJC_LITERAL_CONVERSION = YES;
				CLANG_WARN_OBJC_ROOT_CLASS = YES_ERROR;
				CLANG_WARN_QUOTED_INCLUDE_IN_FRAMEWORK_HEADER = YES;
				CLANG_WARN_RANGE_LOOP_ANALYSIS = YES;
				CLANG_WARN_STRICT_PROTOTYPES = YES;
				CLANG_WARN_SUSPICIOUS_MOVE = YES;
				CLANG_WARN_UNGUARDED_AVAILABILITY = YES_AGGRESSIVE;
				CLANG_WARN_UNREACHABLE_CODE = YES;
				CLANG_WARN__DUPLICATE_METHOD_MATCH = YES;
				COPY_PHASE_STRIP = NO;
				DEBUG_INFORMATION_FORMAT = "dwarf-with-dsym";
				ENABLE_NS_ASSERTIONS = NO;
				ENABLE_STRICT_OBJC_MSGSEND = YES;
				GCC_C_LANGUAGE_STANDARD = gnu11;
				GCC_NO_COMMON_BLOCKS = YES;
				GCC_WARN_64_TO_32_BIT_CONVERSION = YES;
				GCC_WARN_ABOUT_RETURN_TYPE = YES_ERROR;
				GCC_WARN_UNDECLARED_SELECTOR = YES;
				GCC_WARN_UNINITIALIZED_AUTOS = YES_AGGRESSIVE;
				GCC_WARN_UNUSED_FUNCTION = YES;
				GCC_WARN_UNUSED_VARIABLE = YES;
				IPHONEOS_DEPLOYMENT_TARGET = 16.1;
				MTL_ENABLE_DEBUG_INFO = NO;
				MTL_FAST_MATH = YES;
				SDKROOT = iphoneos;
				SWIFT_COMPILATION_MODE = wholemodule;
				SWIFT_OPTIMIZATION_LEVEL = "-O";
				VALIDATE_PRODUCT = YES;
			};
			name = Release;
		};
		E0AFEB072923892900520B15 /* Debug */ = {
			isa = XCBuildConfiguration;
			baseConfigurationReference = FB278C146F4F7482DC2484A2 /* Pods-RxSwiftPratice.debug.xcconfig */;
			buildSettings = {
				ASSETCATALOG_COMPILER_APPICON_NAME = AppIcon;
				ASSETCATALOG_COMPILER_GLOBAL_ACCENT_COLOR_NAME = AccentColor;
				CODE_SIGN_STYLE = Automatic;
				CURRENT_PROJECT_VERSION = 1;
				DEVELOPMENT_TEAM = 3VA9LVPTL9;
				GENERATE_INFOPLIST_FILE = YES;
				INFOPLIST_FILE = RxSwiftPratice/Info.plist;
				INFOPLIST_KEY_UIApplicationSupportsIndirectInputEvents = YES;
				INFOPLIST_KEY_UILaunchStoryboardName = LaunchScreen;
				INFOPLIST_KEY_UIMainStoryboardFile = Main;
				INFOPLIST_KEY_UISupportedInterfaceOrientations_iPad = "UIInterfaceOrientationPortrait UIInterfaceOrientationPortraitUpsideDown UIInterfaceOrientationLandscapeLeft UIInterfaceOrientationLandscapeRight";
				INFOPLIST_KEY_UISupportedInterfaceOrientations_iPhone = "UIInterfaceOrientationPortrait UIInterfaceOrientationLandscapeLeft UIInterfaceOrientationLandscapeRight";
				LD_RUNPATH_SEARCH_PATHS = (
					"$(inherited)",
					"@executable_path/Frameworks",
				);
				MARKETING_VERSION = 1.0;
				PRODUCT_BUNDLE_IDENTIFIER = Ben.RxSwiftPratice;
				PRODUCT_NAME = "$(TARGET_NAME)";
				SWIFT_EMIT_LOC_STRINGS = YES;
				SWIFT_VERSION = 5.0;
				TARGETED_DEVICE_FAMILY = "1,2";
			};
			name = Debug;
		};
		E0AFEB082923892900520B15 /* Release */ = {
			isa = XCBuildConfiguration;
			baseConfigurationReference = 53B5C8B2DEB9AC9E35875FBB /* Pods-RxSwiftPratice.release.xcconfig */;
			buildSettings = {
				ASSETCATALOG_COMPILER_APPICON_NAME = AppIcon;
				ASSETCATALOG_COMPILER_GLOBAL_ACCENT_COLOR_NAME = AccentColor;
				CODE_SIGN_STYLE = Automatic;
				CURRENT_PROJECT_VERSION = 1;
				DEVELOPMENT_TEAM = 3VA9LVPTL9;
				GENERATE_INFOPLIST_FILE = YES;
				INFOPLIST_FILE = RxSwiftPratice/Info.plist;
				INFOPLIST_KEY_UIApplicationSupportsIndirectInputEvents = YES;
				INFOPLIST_KEY_UILaunchStoryboardName = LaunchScreen;
				INFOPLIST_KEY_UIMainStoryboardFile = Main;
				INFOPLIST_KEY_UISupportedInterfaceOrientations_iPad = "UIInterfaceOrientationPortrait UIInterfaceOrientationPortraitUpsideDown UIInterfaceOrientationLandscapeLeft UIInterfaceOrientationLandscapeRight";
				INFOPLIST_KEY_UISupportedInterfaceOrientations_iPhone = "UIInterfaceOrientationPortrait UIInterfaceOrientationLandscapeLeft UIInterfaceOrientationLandscapeRight";
				LD_RUNPATH_SEARCH_PATHS = (
					"$(inherited)",
					"@executable_path/Frameworks",
				);
				MARKETING_VERSION = 1.0;
				PRODUCT_BUNDLE_IDENTIFIER = Ben.RxSwiftPratice;
				PRODUCT_NAME = "$(TARGET_NAME)";
				SWIFT_EMIT_LOC_STRINGS = YES;
				SWIFT_VERSION = 5.0;
				TARGETED_DEVICE_FAMILY = "1,2";
			};
			name = Release;
		};
/* End XCBuildConfiguration section */

/* Begin XCConfigurationList section */
		E0AFEAED2923892800520B15 /* Build configuration list for PBXProject "RxSwiftPratice" */ = {
			isa = XCConfigurationList;
			buildConfigurations = (
				E0AFEB042923892900520B15 /* Debug */,
				E0AFEB052923892900520B15 /* Release */,
			);
			defaultConfigurationIsVisible = 0;
			defaultConfigurationName = Release;
		};
		E0AFEB062923892900520B15 /* Build configuration list for PBXNativeTarget "RxSwiftPratice" */ = {
			isa = XCConfigurationList;
			buildConfigurations = (
				E0AFEB072923892900520B15 /* Debug */,
				E0AFEB082923892900520B15 /* Release */,
			);
			defaultConfigurationIsVisible = 0;
			defaultConfigurationName = Release;
		};
/* End XCConfigurationList section */
	};
	rootObject = E0AFEAEA2923892800520B15 /* Project object */;
}
